
Microsoft Visual Studio Solution File, Format Version 12.00
# Visual Studio 15
VisualStudioVersion = 15.0.26730.12
MinimumVisualStudioVersion = 10.0.40219.1
Project("{FAE04EC0-301F-11D3-BF4B-00C04F79EFBC}") = "SimleSerialization", "SimleSerialization\SimleSerialization.csproj", "{1633506E-DB1E-41AA-9AD4-F298CF16E70E}"
EndProject
Global
	GlobalSection(SolutionConfigurationPlatforms) = preSolution
		Debug|Any CPU = Debug|Any CPU
		Release|Any CPU = Release|Any CPU
	EndGlobalSection
	GlobalSection(ProjectConfigurationPlatforms) = postSolution
		{1633506E-DB1E-41AA-9AD4-F298CF16E70E}.Debug|Any CPU.ActiveCfg = Debug|Any CPU
		{1633506E-DB1E-41AA-9AD4-F298CF16E70E}.Debug|Any CPU.Build.0 = Debug|Any CPU
		{1633506E-DB1E-41AA-9AD4-F298CF16E70E}.Release|Any CPU.ActiveCfg = Release|Any CPU
		{1633506E-DB1E-41AA-9AD4-F298CF16E70E}.Release|Any CPU.Build.0 = Release|Any CPU
	EndGlobalSection
	GlobalSection(SolutionProperties) = preSolution
		HideSolutionNode = FALSE
	EndGlobalSection
	GlobalSection(ExtensibilityGlobals) = postSolution
		SolutionGuid = {3499A19F-CD15-485B-8E44-5F0DF5A6E0C9}
	EndGlobalSection
EndGlobal
